// !$*UTF8*$!
{
	archiveVersion = 1;
	classes = {
	};
	objectVersion = 46;
	objects = {

/* Begin PBXBuildFile section */
		9421745B1A8F1283006AE2DD /* ahh.m4a in Resources */ = {isa = PBXBuildFile; fileRef = 9421743C1A8F1283006AE2DD /* ahh.m4a */; };
		9421745C1A8F1283006AE2DD /* alan.m4a in Resources */ = {isa = PBXBuildFile; fileRef = 9421743D1A8F1283006AE2DD /* alan.m4a */; };
		9421745D1A8F1283006AE2DD /* beg.m4a in Resources */ = {isa = PBXBuildFile; fileRef = 9421743E1A8F1283006AE2DD /* beg.m4a */; };
		9421745E1A8F1283006AE2DD /* cheese.m4a in Resources */ = {isa = PBXBuildFile; fileRef = 9421743F1A8F1283006AE2DD /* cheese.m4a */; };
		9421745F1A8F1283006AE2DD /* compared-to-what.m4a in Resources */ = {isa = PBXBuildFile; fileRef = 942174401A8F1283006AE2DD /* compared-to-what.m4a */; };
		942174601A8F1283006AE2DD /* daily-life.m4a in Resources */ = {isa = PBXBuildFile; fileRef = 942174411A8F1283006AE2DD /* daily-life.m4a */; };
		942174611A8F1283006AE2DD /* grape-bs.m4a in Resources */ = {isa = PBXBuildFile; fileRef = 942174421A8F1283006AE2DD /* grape-bs.m4a */; };
		942174621A8F1283006AE2DD /* grape-but-you-could.m4a in Resources */ = {isa = PBXBuildFile; fileRef = 942174431A8F1283006AE2DD /* grape-but-you-could.m4a */; };
		942174631A8F1283006AE2DD /* grape-i-know.m4a in Resources */ = {isa = PBXBuildFile; fileRef = 942174441A8F1283006AE2DD /* grape-i-know.m4a */; };
		942174641A8F1283006AE2DD /* guess-bread.m4a in Resources */ = {isa = PBXBuildFile; fileRef = 942174451A8F1283006AE2DD /* guess-bread.m4a */; };
		942174651A8F1283006AE2DD /* guess-dorito.m4a in Resources */ = {isa = PBXBuildFile; fileRef = 942174461A8F1283006AE2DD /* guess-dorito.m4a */; };
		942174661A8F1283006AE2DD /* guess-hair.m4a in Resources */ = {isa = PBXBuildFile; fileRef = 942174471A8F1283006AE2DD /* guess-hair.m4a */; };
		942174671A8F1283006AE2DD /* guess-pen.m4a in Resources */ = {isa = PBXBuildFile; fileRef = 942174481A8F1283006AE2DD /* guess-pen.m4a */; };
		942174681A8F1283006AE2DD /* guess-raisin.m4a in Resources */ = {isa = PBXBuildFile; fileRef = 942174491A8F1283006AE2DD /* guess-raisin.m4a */; };
		942174691A8F1283006AE2DD /* guess-toenails.m4a in Resources */ = {isa = PBXBuildFile; fileRef = 9421744A1A8F1283006AE2DD /* guess-toenails.m4a */; };
		9421746A1A8F1283006AE2DD /* hot-between.m4a in Resources */ = {isa = PBXBuildFile; fileRef = 9421744B1A8F1283006AE2DD /* hot-between.m4a */; };
		9421746B1A8F1283006AE2DD /* hot-zone.m4a in Resources */ = {isa = PBXBuildFile; fileRef = 9421744C1A8F1283006AE2DD /* hot-zone.m4a */; };
		9421746C1A8F1283006AE2DD /* intro.m4a in Resources */ = {isa = PBXBuildFile; fileRef = 9421744D1A8F1283006AE2DD /* intro.m4a */; };
		9421746D1A8F1283006AE2DD /* lentil.m4a in Resources */ = {isa = PBXBuildFile; fileRef = 9421744E1A8F1283006AE2DD /* lentil.m4a */; };
		9421746E1A8F1283006AE2DD /* lint.m4a in Resources */ = {isa = PBXBuildFile; fileRef = 9421744F1A8F1283006AE2DD /* lint.m4a */; };
		9421746F1A8F1283006AE2DD /* muffin-a.m4a in Resources */ = {isa = PBXBuildFile; fileRef = 942174501A8F1283006AE2DD /* muffin-a.m4a */; };
		942174701A8F1283006AE2DD /* muffin-sleep.m4a in Resources */ = {isa = PBXBuildFile; fileRef = 942174511A8F1283006AE2DD /* muffin-sleep.m4a */; };
		942174711A8F1283006AE2DD /* party.m4a in Resources */ = {isa = PBXBuildFile; fileRef = 942174521A8F1283006AE2DD /* party.m4a */; };
		942174731A8F1283006AE2DD /* soda.m4a in Resources */ = {isa = PBXBuildFile; fileRef = 942174541A8F1283006AE2DD /* soda.m4a */; };
		942174741A8F1283006AE2DD /* song.m4a in Resources */ = {isa = PBXBuildFile; fileRef = 942174551A8F1283006AE2DD /* song.m4a */; };
		942174751A8F1283006AE2DD /* treats-all.m4a in Resources */ = {isa = PBXBuildFile; fileRef = 942174561A8F1283006AE2DD /* treats-all.m4a */; };
		942174761A8F1283006AE2DD /* treats-look.m4a in Resources */ = {isa = PBXBuildFile; fileRef = 942174571A8F1283006AE2DD /* treats-look.m4a */; };
		942174771A8F1283006AE2DD /* treats-snoozin.m4a in Resources */ = {isa = PBXBuildFile; fileRef = 942174581A8F1283006AE2DD /* treats-snoozin.m4a */; };
		942174781A8F1283006AE2DD /* uhh.m4a in Resources */ = {isa = PBXBuildFile; fileRef = 942174591A8F1283006AE2DD /* uhh.m4a */; };
		942174791A8F1283006AE2DD /* what-they-say.m4a in Resources */ = {isa = PBXBuildFile; fileRef = 9421745A1A8F1283006AE2DD /* what-they-say.m4a */; };
		94C952021A9022B000DE715F /* Launch.xib in Resources */ = {isa = PBXBuildFile; fileRef = 94C952011A9022B000DE715F /* Launch.xib */; };
		94C952041A9023BF00DE715F /* Images.xcassets in Resources */ = {isa = PBXBuildFile; fileRef = 94C952031A9023BF00DE715F /* Images.xcassets */; };
		94DC884920A53CE600226B25 /* AppDelegate.swift in Sources */ = {isa = PBXBuildFile; fileRef = 94DC884820A53CE600226B25 /* AppDelegate.swift */; };
		94DC886920A53DCE00226B25 /* IntroViewController.swift in Sources */ = {isa = PBXBuildFile; fileRef = 94DC886820A53DCE00226B25 /* IntroViewController.swift */; };
		94DC886B20A54A0400226B25 /* MainViewController.swift in Sources */ = {isa = PBXBuildFile; fileRef = 94DC886A20A54A0400226B25 /* MainViewController.swift */; };
		94DC886D20A54E0500226B25 /* Button.swift in Sources */ = {isa = PBXBuildFile; fileRef = 94DC886C20A54E0500226B25 /* Button.swift */; };
		94DC886F20A54E4700226B25 /* SoundSet.swift in Sources */ = {isa = PBXBuildFile; fileRef = 94DC886E20A54E4700226B25 /* SoundSet.swift */; };
		94DC887120A54E5900226B25 /* SoundManager.swift in Sources */ = {isa = PBXBuildFile; fileRef = 94DC887020A54E5900226B25 /* SoundManager.swift */; };
		94DC887320A55A7A00226B25 /* SoundMap.swift in Sources */ = {isa = PBXBuildFile; fileRef = 94DC887220A55A7A00226B25 /* SoundMap.swift */; };
		BE6753FCD6DC7BCEFB5C2CCF /* Pods_Marcel.framework in Frameworks */ = {isa = PBXBuildFile; fileRef = FD39E44C92620014ACDAF881 /* Pods_Marcel.framework */; };
/* End PBXBuildFile section */

/* Begin PBXFileReference section */
		1AAB11E4DC7F6338DD269396 /* Pods-Marcel.release.xcconfig */ = {isa = PBXFileReference; includeInIndex = 1; lastKnownFileType = text.xcconfig; name = "Pods-Marcel.release.xcconfig"; path = "../Pods/Target Support Files/Pods-Marcel/Pods-Marcel.release.xcconfig"; sourceTree = "<group>"; };
		942173B51A8EFF41006AE2DD /* Marcel.app */ = {isa = PBXFileReference; explicitFileType = wrapper.application; includeInIndex = 0; path = Marcel.app; sourceTree = BUILT_PRODUCTS_DIR; };
		942174081A8F0648006AE2DD /* Info.plist */ = {isa = PBXFileReference; fileEncoding = 4; lastKnownFileType = text.plist.xml; path = Info.plist; sourceTree = "<group>"; };
		9421743C1A8F1283006AE2DD /* ahh.m4a */ = {isa = PBXFileReference; lastKnownFileType = file; path = ahh.m4a; sourceTree = "<group>"; };
		9421743D1A8F1283006AE2DD /* alan.m4a */ = {isa = PBXFileReference; lastKnownFileType = file; path = alan.m4a; sourceTree = "<group>"; };
		9421743E1A8F1283006AE2DD /* beg.m4a */ = {isa = PBXFileReference; lastKnownFileType = file; path = beg.m4a; sourceTree = "<group>"; };
		9421743F1A8F1283006AE2DD /* cheese.m4a */ = {isa = PBXFileReference; lastKnownFileType = file; path = cheese.m4a; sourceTree = "<group>"; };
		942174401A8F1283006AE2DD /* compared-to-what.m4a */ = {isa = PBXFileReference; lastKnownFileType = file; path = "compared-to-what.m4a"; sourceTree = "<group>"; };
		942174411A8F1283006AE2DD /* daily-life.m4a */ = {isa = PBXFileReference; lastKnownFileType = file; path = "daily-life.m4a"; sourceTree = "<group>"; };
		942174421A8F1283006AE2DD /* grape-bs.m4a */ = {isa = PBXFileReference; lastKnownFileType = file; path = "grape-bs.m4a"; sourceTree = "<group>"; };
		942174431A8F1283006AE2DD /* grape-but-you-could.m4a */ = {isa = PBXFileReference; lastKnownFileType = file; path = "grape-but-you-could.m4a"; sourceTree = "<group>"; };
		942174441A8F1283006AE2DD /* grape-i-know.m4a */ = {isa = PBXFileReference; lastKnownFileType = file; path = "grape-i-know.m4a"; sourceTree = "<group>"; };
		942174451A8F1283006AE2DD /* guess-bread.m4a */ = {isa = PBXFileReference; lastKnownFileType = file; path = "guess-bread.m4a"; sourceTree = "<group>"; };
		942174461A8F1283006AE2DD /* guess-dorito.m4a */ = {isa = PBXFileReference; lastKnownFileType = file; path = "guess-dorito.m4a"; sourceTree = "<group>"; };
		942174471A8F1283006AE2DD /* guess-hair.m4a */ = {isa = PBXFileReference; lastKnownFileType = file; path = "guess-hair.m4a"; sourceTree = "<group>"; };
		942174481A8F1283006AE2DD /* guess-pen.m4a */ = {isa = PBXFileReference; lastKnownFileType = file; path = "guess-pen.m4a"; sourceTree = "<group>"; };
		942174491A8F1283006AE2DD /* guess-raisin.m4a */ = {isa = PBXFileReference; lastKnownFileType = file; path = "guess-raisin.m4a"; sourceTree = "<group>"; };
		9421744A1A8F1283006AE2DD /* guess-toenails.m4a */ = {isa = PBXFileReference; lastKnownFileType = file; path = "guess-toenails.m4a"; sourceTree = "<group>"; };
		9421744B1A8F1283006AE2DD /* hot-between.m4a */ = {isa = PBXFileReference; lastKnownFileType = file; path = "hot-between.m4a"; sourceTree = "<group>"; };
		9421744C1A8F1283006AE2DD /* hot-zone.m4a */ = {isa = PBXFileReference; lastKnownFileType = file; path = "hot-zone.m4a"; sourceTree = "<group>"; };
		9421744D1A8F1283006AE2DD /* intro.m4a */ = {isa = PBXFileReference; lastKnownFileType = file; path = intro.m4a; sourceTree = "<group>"; };
		9421744E1A8F1283006AE2DD /* lentil.m4a */ = {isa = PBXFileReference; lastKnownFileType = file; path = lentil.m4a; sourceTree = "<group>"; };
		9421744F1A8F1283006AE2DD /* lint.m4a */ = {isa = PBXFileReference; lastKnownFileType = file; path = lint.m4a; sourceTree = "<group>"; };
		942174501A8F1283006AE2DD /* muffin-a.m4a */ = {isa = PBXFileReference; lastKnownFileType = file; path = "muffin-a.m4a"; sourceTree = "<group>"; };
		942174511A8F1283006AE2DD /* muffin-sleep.m4a */ = {isa = PBXFileReference; lastKnownFileType = file; path = "muffin-sleep.m4a"; sourceTree = "<group>"; };
		942174521A8F1283006AE2DD /* party.m4a */ = {isa = PBXFileReference; lastKnownFileType = file; path = party.m4a; sourceTree = "<group>"; };
		942174541A8F1283006AE2DD /* soda.m4a */ = {isa = PBXFileReference; lastKnownFileType = file; path = soda.m4a; sourceTree = "<group>"; };
		942174551A8F1283006AE2DD /* song.m4a */ = {isa = PBXFileReference; lastKnownFileType = file; path = song.m4a; sourceTree = "<group>"; };
		942174561A8F1283006AE2DD /* treats-all.m4a */ = {isa = PBXFileReference; lastKnownFileType = file; path = "treats-all.m4a"; sourceTree = "<group>"; };
		942174571A8F1283006AE2DD /* treats-look.m4a */ = {isa = PBXFileReference; lastKnownFileType = file; path = "treats-look.m4a"; sourceTree = "<group>"; };
		942174581A8F1283006AE2DD /* treats-snoozin.m4a */ = {isa = PBXFileReference; lastKnownFileType = file; path = "treats-snoozin.m4a"; sourceTree = "<group>"; };
		942174591A8F1283006AE2DD /* uhh.m4a */ = {isa = PBXFileReference; lastKnownFileType = file; path = uhh.m4a; sourceTree = "<group>"; };
		9421745A1A8F1283006AE2DD /* what-they-say.m4a */ = {isa = PBXFileReference; lastKnownFileType = file; path = "what-they-say.m4a"; sourceTree = "<group>"; };
		9470C028277C033B008D6CB0 /* Marcel.entitlements */ = {isa = PBXFileReference; lastKnownFileType = text.plist.entitlements; path = Marcel.entitlements; sourceTree = SOURCE_ROOT; };
		94C952011A9022B000DE715F /* Launch.xib */ = {isa = PBXFileReference; fileEncoding = 4; lastKnownFileType = file.xib; path = Launch.xib; sourceTree = "<group>"; };
		94C952031A9023BF00DE715F /* Images.xcassets */ = {isa = PBXFileReference; lastKnownFileType = folder.assetcatalog; path = Images.xcassets; sourceTree = "<group>"; };
		94DC884820A53CE600226B25 /* AppDelegate.swift */ = {isa = PBXFileReference; lastKnownFileType = sourcecode.swift; path = AppDelegate.swift; sourceTree = "<group>"; };
		94DC886820A53DCE00226B25 /* IntroViewController.swift */ = {isa = PBXFileReference; lastKnownFileType = sourcecode.swift; path = IntroViewController.swift; sourceTree = "<group>"; };
		94DC886A20A54A0400226B25 /* MainViewController.swift */ = {isa = PBXFileReference; lastKnownFileType = sourcecode.swift; path = MainViewController.swift; sourceTree = "<group>"; };
		94DC886C20A54E0500226B25 /* Button.swift */ = {isa = PBXFileReference; lastKnownFileType = sourcecode.swift; path = Button.swift; sourceTree = "<group>"; };
		94DC886E20A54E4700226B25 /* SoundSet.swift */ = {isa = PBXFileReference; lastKnownFileType = sourcecode.swift; path = SoundSet.swift; sourceTree = "<group>"; };
		94DC887020A54E5900226B25 /* SoundManager.swift */ = {isa = PBXFileReference; lastKnownFileType = sourcecode.swift; path = SoundManager.swift; sourceTree = "<group>"; };
		94DC887220A55A7A00226B25 /* SoundMap.swift */ = {isa = PBXFileReference; lastKnownFileType = sourcecode.swift; path = SoundMap.swift; sourceTree = "<group>"; };
		BB9343291F88FE6C1900F6BA /* Pods-Marcel.debug.xcconfig */ = {isa = PBXFileReference; includeInIndex = 1; lastKnownFileType = text.xcconfig; name = "Pods-Marcel.debug.xcconfig"; path = "../Pods/Target Support Files/Pods-Marcel/Pods-Marcel.debug.xcconfig"; sourceTree = "<group>"; };
		FD39E44C92620014ACDAF881 /* Pods_Marcel.framework */ = {isa = PBXFileReference; explicitFileType = wrapper.framework; includeInIndex = 0; path = Pods_Marcel.framework; sourceTree = BUILT_PRODUCTS_DIR; };
/* End PBXFileReference section */

/* Begin PBXFrameworksBuildPhase section */
		942173B21A8EFF41006AE2DD /* Frameworks */ = {
			isa = PBXFrameworksBuildPhase;
			buildActionMask = 2147483647;
			files = (
				BE6753FCD6DC7BCEFB5C2CCF /* Pods_Marcel.framework in Frameworks */,
			);
			runOnlyForDeploymentPostprocessing = 0;
		};
/* End PBXFrameworksBuildPhase section */

/* Begin PBXGroup section */
		3AC7D1DCFC375A03E775A064 /* Pods */ = {
			isa = PBXGroup;
			children = (
				BB9343291F88FE6C1900F6BA /* Pods-Marcel.debug.xcconfig */,
				1AAB11E4DC7F6338DD269396 /* Pods-Marcel.release.xcconfig */,
			);
			name = Pods;
			sourceTree = "<group>";
		};
		6C0A26DE9FB5169EFE9EFE4F /* Frameworks */ = {
			isa = PBXGroup;
			children = (
				FD39E44C92620014ACDAF881 /* Pods_Marcel.framework */,
			);
			name = Frameworks;
			sourceTree = "<group>";
		};
		942173AC1A8EFF41006AE2DD = {
			isa = PBXGroup;
			children = (
				942173B71A8EFF41006AE2DD /* Marcel */,
				942173B61A8EFF41006AE2DD /* Products */,
				3AC7D1DCFC375A03E775A064 /* Pods */,
				6C0A26DE9FB5169EFE9EFE4F /* Frameworks */,
			);
			sourceTree = "<group>";
		};
		942173B61A8EFF41006AE2DD /* Products */ = {
			isa = PBXGroup;
			children = (
				942173B51A8EFF41006AE2DD /* Marcel.app */,
			);
			name = Products;
			sourceTree = "<group>";
		};
		942173B71A8EFF41006AE2DD /* Marcel */ = {
			isa = PBXGroup;
			children = (
				9470C028277C033B008D6CB0 /* Marcel.entitlements */,
				9421742F1A8F0693006AE2DD /* Classes */,
				942173DE1A8EFFFF006AE2DD /* Support */,
			);
			path = Marcel;
			sourceTree = "<group>";
		};
		942173DE1A8EFFFF006AE2DD /* Support */ = {
			isa = PBXGroup;
			children = (
				942173DF1A8EFFFF006AE2DD /* Audio */,
				94C952031A9023BF00DE715F /* Images.xcassets */,
				94C952011A9022B000DE715F /* Launch.xib */,
				942174081A8F0648006AE2DD /* Info.plist */,
			);
			path = Support;
			sourceTree = SOURCE_ROOT;
		};
		942173DF1A8EFFFF006AE2DD /* Audio */ = {
			isa = PBXGroup;
			children = (
				9421743C1A8F1283006AE2DD /* ahh.m4a */,
				9421743D1A8F1283006AE2DD /* alan.m4a */,
				9421743E1A8F1283006AE2DD /* beg.m4a */,
				9421743F1A8F1283006AE2DD /* cheese.m4a */,
				942174401A8F1283006AE2DD /* compared-to-what.m4a */,
				942174411A8F1283006AE2DD /* daily-life.m4a */,
				942174421A8F1283006AE2DD /* grape-bs.m4a */,
				942174431A8F1283006AE2DD /* grape-but-you-could.m4a */,
				942174441A8F1283006AE2DD /* grape-i-know.m4a */,
				942174451A8F1283006AE2DD /* guess-bread.m4a */,
				942174461A8F1283006AE2DD /* guess-dorito.m4a */,
				942174471A8F1283006AE2DD /* guess-hair.m4a */,
				942174481A8F1283006AE2DD /* guess-pen.m4a */,
				942174491A8F1283006AE2DD /* guess-raisin.m4a */,
				9421744A1A8F1283006AE2DD /* guess-toenails.m4a */,
				9421744B1A8F1283006AE2DD /* hot-between.m4a */,
				9421744C1A8F1283006AE2DD /* hot-zone.m4a */,
				9421744D1A8F1283006AE2DD /* intro.m4a */,
				9421744E1A8F1283006AE2DD /* lentil.m4a */,
				9421744F1A8F1283006AE2DD /* lint.m4a */,
				942174501A8F1283006AE2DD /* muffin-a.m4a */,
				942174511A8F1283006AE2DD /* muffin-sleep.m4a */,
				942174521A8F1283006AE2DD /* party.m4a */,
				942174541A8F1283006AE2DD /* soda.m4a */,
				942174551A8F1283006AE2DD /* song.m4a */,
				942174561A8F1283006AE2DD /* treats-all.m4a */,
				942174571A8F1283006AE2DD /* treats-look.m4a */,
				942174581A8F1283006AE2DD /* treats-snoozin.m4a */,
				942174591A8F1283006AE2DD /* uhh.m4a */,
				9421745A1A8F1283006AE2DD /* what-they-say.m4a */,
			);
			path = Audio;
			sourceTree = "<group>";
		};
		9421742F1A8F0693006AE2DD /* Classes */ = {
			isa = PBXGroup;
			children = (
				94DC884820A53CE600226B25 /* AppDelegate.swift */,
				94DC886820A53DCE00226B25 /* IntroViewController.swift */,
				94DC886A20A54A0400226B25 /* MainViewController.swift */,
				94DC887020A54E5900226B25 /* SoundManager.swift */,
				94DC886E20A54E4700226B25 /* SoundSet.swift */,
				94DC887220A55A7A00226B25 /* SoundMap.swift */,
				94DC886C20A54E0500226B25 /* Button.swift */,
			);
			path = Classes;
			sourceTree = SOURCE_ROOT;
		};
/* End PBXGroup section */

/* Begin PBXNativeTarget section */
		942173B41A8EFF41006AE2DD /* Marcel */ = {
			isa = PBXNativeTarget;
			buildConfigurationList = 942173D81A8EFF41006AE2DD /* Build configuration list for PBXNativeTarget "Marcel" */;
			buildPhases = (
				D676937BD2DC6CCD1C3A477B /* [CP] Check Pods Manifest.lock */,
				F823B42A9832C278228A7C3A /* Check Pods Manifest.lock */,
				942173B11A8EFF41006AE2DD /* Sources */,
				942173B21A8EFF41006AE2DD /* Frameworks */,
				942173B31A8EFF41006AE2DD /* Resources */,
				FB13D4FF176C5883407340E7 /* [CP] Embed Pods Frameworks */,
			);
			buildRules = (
			);
			dependencies = (
			);
			name = Marcel;
			productName = Marcel;
			productReference = 942173B51A8EFF41006AE2DD /* Marcel.app */;
			productType = "com.apple.product-type.application";
		};
/* End PBXNativeTarget section */

/* Begin PBXProject section */
		942173AD1A8EFF41006AE2DD /* Project object */ = {
			isa = PBXProject;
			attributes = {
				LastUpgradeCheck = 1320;
				ORGANIZATIONNAME = AppThat;
				TargetAttributes = {
					942173B41A8EFF41006AE2DD = {
						CreatedOnToolsVersion = 6.1.1;
						DevelopmentTeam = NKSX667Z2K;
						LastSwiftMigration = 0930;
					};
				};
			};
			buildConfigurationList = 942173B01A8EFF41006AE2DD /* Build configuration list for PBXProject "Marcel" */;
			compatibilityVersion = "Xcode 3.2";
			developmentRegion = en;
			hasScannedForEncodings = 0;
			knownRegions = (
				en,
				Base,
			);
			mainGroup = 942173AC1A8EFF41006AE2DD;
			productRefGroup = 942173B61A8EFF41006AE2DD /* Products */;
			projectDirPath = "";
			projectRoot = "";
			targets = (
				942173B41A8EFF41006AE2DD /* Marcel */,
			);
		};
/* End PBXProject section */

/* Begin PBXResourcesBuildPhase section */
		942173B31A8EFF41006AE2DD /* Resources */ = {
			isa = PBXResourcesBuildPhase;
			buildActionMask = 2147483647;
			files = (
				9421746A1A8F1283006AE2DD /* hot-between.m4a in Resources */,
				942174741A8F1283006AE2DD /* song.m4a in Resources */,
				942174761A8F1283006AE2DD /* treats-look.m4a in Resources */,
				9421745E1A8F1283006AE2DD /* cheese.m4a in Resources */,
				94C952021A9022B000DE715F /* Launch.xib in Resources */,
				9421745B1A8F1283006AE2DD /* ahh.m4a in Resources */,
				9421745F1A8F1283006AE2DD /* compared-to-what.m4a in Resources */,
				9421746B1A8F1283006AE2DD /* hot-zone.m4a in Resources */,
				942174631A8F1283006AE2DD /* grape-i-know.m4a in Resources */,
				9421746D1A8F1283006AE2DD /* lentil.m4a in Resources */,
				942174641A8F1283006AE2DD /* guess-bread.m4a in Resources */,
				942174691A8F1283006AE2DD /* guess-toenails.m4a in Resources */,
				942174651A8F1283006AE2DD /* guess-dorito.m4a in Resources */,
				942174601A8F1283006AE2DD /* daily-life.m4a in Resources */,
				942174731A8F1283006AE2DD /* soda.m4a in Resources */,
				94C952041A9023BF00DE715F /* Images.xcassets in Resources */,
				942174621A8F1283006AE2DD /* grape-but-you-could.m4a in Resources */,
				942174671A8F1283006AE2DD /* guess-pen.m4a in Resources */,
				942174701A8F1283006AE2DD /* muffin-sleep.m4a in Resources */,
				9421745D1A8F1283006AE2DD /* beg.m4a in Resources */,
				9421746C1A8F1283006AE2DD /* intro.m4a in Resources */,
				942174611A8F1283006AE2DD /* grape-bs.m4a in Resources */,
				942174711A8F1283006AE2DD /* party.m4a in Resources */,
				942174681A8F1283006AE2DD /* guess-raisin.m4a in Resources */,
				942174791A8F1283006AE2DD /* what-they-say.m4a in Resources */,
				942174781A8F1283006AE2DD /* uhh.m4a in Resources */,
				942174661A8F1283006AE2DD /* guess-hair.m4a in Resources */,
				9421745C1A8F1283006AE2DD /* alan.m4a in Resources */,
				9421746E1A8F1283006AE2DD /* lint.m4a in Resources */,
				9421746F1A8F1283006AE2DD /* muffin-a.m4a in Resources */,
				942174771A8F1283006AE2DD /* treats-snoozin.m4a in Resources */,
				942174751A8F1283006AE2DD /* treats-all.m4a in Resources */,
			);
			runOnlyForDeploymentPostprocessing = 0;
		};
/* End PBXResourcesBuildPhase section */

/* Begin PBXShellScriptBuildPhase section */
		D676937BD2DC6CCD1C3A477B /* [CP] Check Pods Manifest.lock */ = {
			isa = PBXShellScriptBuildPhase;
			buildActionMask = 2147483647;
			files = (
			);
			inputPaths = (
				"${PODS_PODFILE_DIR_PATH}/Podfile.lock",
				"${PODS_ROOT}/Manifest.lock",
			);
			name = "[CP] Check Pods Manifest.lock";
			outputPaths = (
				"$(DERIVED_FILE_DIR)/Pods-Marcel-checkManifestLockResult.txt",
			);
			runOnlyForDeploymentPostprocessing = 0;
			shellPath = /bin/sh;
			shellScript = "diff \"${PODS_PODFILE_DIR_PATH}/Podfile.lock\" \"${PODS_ROOT}/Manifest.lock\" > /dev/null\nif [ $? != 0 ] ; then\n    # print error to STDERR\n    echo \"error: The sandbox is not in sync with the Podfile.lock. Run 'pod install' or update your CocoaPods installation.\" >&2\n    exit 1\nfi\n# This output is used by Xcode 'outputs' to avoid re-running this script phase.\necho \"SUCCESS\" > \"${SCRIPT_OUTPUT_FILE_0}\"\n";
			showEnvVarsInLog = 0;
		};
		F823B42A9832C278228A7C3A /* Check Pods Manifest.lock */ = {
			isa = PBXShellScriptBuildPhase;
			buildActionMask = 2147483647;
			files = (
			);
			inputPaths = (
			);
			name = "Check Pods Manifest.lock";
			outputPaths = (
			);
			runOnlyForDeploymentPostprocessing = 0;
			shellPath = /bin/sh;
			shellScript = "diff \"${PODS_ROOT}/../Podfile.lock\" \"${PODS_ROOT}/Manifest.lock\" > /dev/null\nif [[ $? != 0 ]] ; then\n    cat << EOM\nerror: The sandbox is not in sync with the Podfile.lock. Run 'pod install' or update your CocoaPods installation.\nEOM\n    exit 1\nfi\n";
			showEnvVarsInLog = 0;
		};
		FB13D4FF176C5883407340E7 /* [CP] Embed Pods Frameworks */ = {
			isa = PBXShellScriptBuildPhase;
			buildActionMask = 2147483647;
			files = (
			);
			inputPaths = (
				"${PODS_ROOT}/Target Support Files/Pods-Marcel/Pods-Marcel-frameworks.sh",
				"${BUILT_PRODUCTS_DIR}/BFPaperButton/BFPaperButton.framework",
			);
			name = "[CP] Embed Pods Frameworks";
			outputPaths = (
				"${TARGET_BUILD_DIR}/${FRAMEWORKS_FOLDER_PATH}/BFPaperButton.framework",
			);
			runOnlyForDeploymentPostprocessing = 0;
			shellPath = /bin/sh;
			shellScript = "\"${PODS_ROOT}/Target Support Files/Pods-Marcel/Pods-Marcel-frameworks.sh\"\n";
			showEnvVarsInLog = 0;
		};
/* End PBXShellScriptBuildPhase section */

/* Begin PBXSourcesBuildPhase section */
		942173B11A8EFF41006AE2DD /* Sources */ = {
			isa = PBXSourcesBuildPhase;
			buildActionMask = 2147483647;
			files = (
				94DC886920A53DCE00226B25 /* IntroViewController.swift in Sources */,
				94DC887320A55A7A00226B25 /* SoundMap.swift in Sources */,
				94DC884920A53CE600226B25 /* AppDelegate.swift in Sources */,
				94DC886D20A54E0500226B25 /* Button.swift in Sources */,
				94DC886B20A54A0400226B25 /* MainViewController.swift in Sources */,
				94DC886F20A54E4700226B25 /* SoundSet.swift in Sources */,
				94DC887120A54E5900226B25 /* SoundManager.swift in Sources */,
			);
			runOnlyForDeploymentPostprocessing = 0;
		};
/* End PBXSourcesBuildPhase section */

/* Begin XCBuildConfiguration section */
		942173D61A8EFF41006AE2DD /* Debug */ = {
			isa = XCBuildConfiguration;
			buildSettings = {
				ALWAYS_SEARCH_USER_PATHS = NO;
				CLANG_ANALYZER_LOCALIZABILITY_NONLOCALIZED = YES;
				CLANG_CXX_LANGUAGE_STANDARD = "gnu++0x";
				CLANG_CXX_LIBRARY = "libc++";
				CLANG_ENABLE_MODULES = YES;
				CLANG_ENABLE_OBJC_ARC = YES;
				CLANG_WARN_BLOCK_CAPTURE_AUTORELEASING = YES;
				CLANG_WARN_BOOL_CONVERSION = YES;
				CLANG_WARN_COMMA = YES;
				CLANG_WARN_CONSTANT_CONVERSION = YES;
				CLANG_WARN_DEPRECATED_OBJC_IMPLEMENTATIONS = YES;
				CLANG_WARN_DIRECT_OBJC_ISA_USAGE = YES_ERROR;
				CLANG_WARN_EMPTY_BODY = YES;
				CLANG_WARN_ENUM_CONVERSION = YES;
				CLANG_WARN_INFINITE_RECURSION = YES;
				CLANG_WARN_INT_CONVERSION = YES;
				CLANG_WARN_NON_LITERAL_NULL_CONVERSION = YES;
				CLANG_WARN_OBJC_IMPLICIT_RETAIN_SELF = YES;
				CLANG_WARN_OBJC_LITERAL_CONVERSION = YES;
				CLANG_WARN_OBJC_ROOT_CLASS = YES_ERROR;
				CLANG_WARN_QUOTED_INCLUDE_IN_FRAMEWORK_HEADER = YES;
				CLANG_WARN_RANGE_LOOP_ANALYSIS = YES;
				CLANG_WARN_STRICT_PROTOTYPES = YES;
				CLANG_WARN_SUSPICIOUS_MOVE = YES;
				CLANG_WARN_UNREACHABLE_CODE = YES;
				CLANG_WARN__DUPLICATE_METHOD_MATCH = YES;
				"CODE_SIGN_IDENTITY[sdk=iphoneos*]" = "iPhone Developer";
				COPY_PHASE_STRIP = NO;
				ENABLE_STRICT_OBJC_MSGSEND = YES;
				ENABLE_TESTABILITY = YES;
				GCC_C_LANGUAGE_STANDARD = gnu99;
				GCC_DYNAMIC_NO_PIC = NO;
				GCC_NO_COMMON_BLOCKS = YES;
				GCC_OPTIMIZATION_LEVEL = 0;
				GCC_PREPROCESSOR_DEFINITIONS = (
					"DEBUG=1",
					"$(inherited)",
				);
				GCC_SYMBOLS_PRIVATE_EXTERN = NO;
				GCC_WARN_64_TO_32_BIT_CONVERSION = YES;
				GCC_WARN_ABOUT_RETURN_TYPE = YES_ERROR;
				GCC_WARN_UNDECLARED_SELECTOR = YES;
				GCC_WARN_UNINITIALIZED_AUTOS = YES_AGGRESSIVE;
				GCC_WARN_UNUSED_FUNCTION = YES;
				GCC_WARN_UNUSED_VARIABLE = YES;
				IPHONEOS_DEPLOYMENT_TARGET = 12.0;
				MTL_ENABLE_DEBUG_INFO = YES;
				ONLY_ACTIVE_ARCH = YES;
				SDKROOT = iphoneos;
				TARGETED_DEVICE_FAMILY = "1,2";
			};
			name = Debug;
		};
		942173D71A8EFF41006AE2DD /* Release */ = {
			isa = XCBuildConfiguration;
			buildSettings = {
				ALWAYS_SEARCH_USER_PATHS = NO;
				CLANG_ANALYZER_LOCALIZABILITY_NONLOCALIZED = YES;
				CLANG_CXX_LANGUAGE_STANDARD = "gnu++0x";
				CLANG_CXX_LIBRARY = "libc++";
				CLANG_ENABLE_MODULES = YES;
				CLANG_ENABLE_OBJC_ARC = YES;
				CLANG_WARN_BLOCK_CAPTURE_AUTORELEASING = YES;
				CLANG_WARN_BOOL_CONVERSION = YES;
				CLANG_WARN_COMMA = YES;
				CLANG_WARN_CONSTANT_CONVERSION = YES;
				CLANG_WARN_DEPRECATED_OBJC_IMPLEMENTATIONS = YES;
				CLANG_WARN_DIRECT_OBJC_ISA_USAGE = YES_ERROR;
				CLANG_WARN_EMPTY_BODY = YES;
				CLANG_WARN_ENUM_CONVERSION = YES;
				CLANG_WARN_INFINITE_RECURSION = YES;
				CLANG_WARN_INT_CONVERSION = YES;
				CLANG_WARN_NON_LITERAL_NULL_CONVERSION = YES;
				CLANG_WARN_OBJC_IMPLICIT_RETAIN_SELF = YES;
				CLANG_WARN_OBJC_LITERAL_CONVERSION = YES;
				CLANG_WARN_OBJC_ROOT_CLASS = YES_ERROR;
				CLANG_WARN_QUOTED_INCLUDE_IN_FRAMEWORK_HEADER = YES;
				CLANG_WARN_RANGE_LOOP_ANALYSIS = YES;
				CLANG_WARN_STRICT_PROTOTYPES = YES;
				CLANG_WARN_SUSPICIOUS_MOVE = YES;
				CLANG_WARN_UNREACHABLE_CODE = YES;
				CLANG_WARN__DUPLICATE_METHOD_MATCH = YES;
				"CODE_SIGN_IDENTITY[sdk=iphoneos*]" = "iPhone Developer";
				COPY_PHASE_STRIP = YES;
				ENABLE_NS_ASSERTIONS = NO;
				ENABLE_STRICT_OBJC_MSGSEND = YES;
				GCC_C_LANGUAGE_STANDARD = gnu99;
				GCC_NO_COMMON_BLOCKS = YES;
				GCC_WARN_64_TO_32_BIT_CONVERSION = YES;
				GCC_WARN_ABOUT_RETURN_TYPE = YES_ERROR;
				GCC_WARN_UNDECLARED_SELECTOR = YES;
				GCC_WARN_UNINITIALIZED_AUTOS = YES_AGGRESSIVE;
				GCC_WARN_UNUSED_FUNCTION = YES;
				GCC_WARN_UNUSED_VARIABLE = YES;
				IPHONEOS_DEPLOYMENT_TARGET = 12.0;
				MTL_ENABLE_DEBUG_INFO = NO;
				SDKROOT = iphoneos;
				SWIFT_COMPILATION_MODE = wholemodule;
				TARGETED_DEVICE_FAMILY = "1,2";
				VALIDATE_PRODUCT = YES;
			};
			name = Release;
		};
		942173D91A8EFF41006AE2DD /* Debug */ = {
			isa = XCBuildConfiguration;
			baseConfigurationReference = BB9343291F88FE6C1900F6BA /* Pods-Marcel.debug.xcconfig */;
			buildSettings = {
				ASSETCATALOG_COMPILER_APPICON_NAME = AppIcon;
				CLANG_ENABLE_MODULES = YES;
				CODE_SIGN_ENTITLEMENTS = Marcel.entitlements;
				DEVELOPMENT_TEAM = NKSX667Z2K;
				INFOPLIST_FILE = Support/Info.plist;
				"IPHONEOS_DEPLOYMENT_TARGET[sdk=macosx*]" = 14.2;
				LD_RUNPATH_SEARCH_PATHS = "$(inherited) @executable_path/Frameworks";
				MARKETING_VERSION = 1.0.1;
				PRODUCT_BUNDLE_IDENTIFIER = com.ryangomba.Marcel;
				PRODUCT_NAME = "$(TARGET_NAME)";
				SUPPORTS_MACCATALYST = YES;
				SUPPORTS_MAC_DESIGNED_FOR_IPHONE_IPAD = NO;
				SWIFT_OPTIMIZATION_LEVEL = "-Onone";
				SWIFT_VERSION = 5.0;
				TARGETED_DEVICE_FAMILY = "1,2,6";
			};
			name = Debug;
		};
		942173DA1A8EFF41006AE2DD /* Release */ = {
			isa = XCBuildConfiguration;
			baseConfigurationReference = 1AAB11E4DC7F6338DD269396 /* Pods-Marcel.release.xcconfig */;
			buildSettings = {
				ASSETCATALOG_COMPILER_APPICON_NAME = AppIcon;
				CLANG_ENABLE_MODULES = YES;
				CODE_SIGN_ENTITLEMENTS = Marcel.entitlements;
				DEVELOPMENT_TEAM = NKSX667Z2K;
				INFOPLIST_FILE = Support/Info.plist;
				"IPHONEOS_DEPLOYMENT_TARGET[sdk=macosx*]" = 14.2;
				LD_RUNPATH_SEARCH_PATHS = "$(inherited) @executable_path/Frameworks";
				MARKETING_VERSION = 1.0.1;
				PRODUCT_BUNDLE_IDENTIFIER = com.ryangomba.Marcel;
				PRODUCT_NAME = "$(TARGET_NAME)";
				SUPPORTS_MACCATALYST = YES;
				SUPPORTS_MAC_DESIGNED_FOR_IPHONE_IPAD = NO;
				SWIFT_VERSION = 5.0;
				TARGETED_DEVICE_FAMILY = "1,2,6";
			};
			name = Release;
		};
/* End XCBuildConfiguration section */

/* Begin XCConfigurationList section */
		942173B01A8EFF41006AE2DD /* Build configuration list for PBXProject "Marcel" */ = {
			isa = XCConfigurationList;
			buildConfigurations = (
				942173D61A8EFF41006AE2DD /* Debug */,
				942173D71A8EFF41006AE2DD /* Release */,
			);
			defaultConfigurationIsVisible = 0;
			defaultConfigurationName = Release;
		};
		942173D81A8EFF41006AE2DD /* Build configuration list for PBXNativeTarget "Marcel" */ = {
			isa = XCConfigurationList;
			buildConfigurations = (
				942173D91A8EFF41006AE2DD /* Debug */,
				942173DA1A8EFF41006AE2DD /* Release */,
			);
			defaultConfigurationIsVisible = 0;
			defaultConfigurationName = Release;
		};
/* End XCConfigurationList section */
	};
	rootObject = 942173AD1A8EFF41006AE2DD /* Project object */;
}
